// !$*UTF8*$!
{
	archiveVersion = 1;
	classes = {
	};
	objectVersion = 45;
	objects = {

/* Begin PBXBuildFile section */
		1D3623260D0F684500981E51 /* lzmaSDKAppDelegate.m in Sources */ = {isa = PBXBuildFile; fileRef = 1D3623250D0F684500981E51 /* lzmaSDKAppDelegate.m */; };
		1D60589B0D05DD56006BFB54 /* main.m in Sources */ = {isa = PBXBuildFile; fileRef = 29B97316FDCFA39411CA2CEA /* main.m */; };
		1D60589F0D05DD5A006BFB54 /* Foundation.framework in Frameworks */ = {isa = PBXBuildFile; fileRef = 1D30AB110D05D00D00671497 /* Foundation.framework */; };
		1DF5F4E00D08C38300B7A737 /* UIKit.framework in Frameworks */ = {isa = PBXBuildFile; fileRef = 1DF5F4DF0D08C38300B7A737 /* UIKit.framework */; };
		288765FD0DF74451002DB57D /* CoreGraphics.framework in Frameworks */ = {isa = PBXBuildFile; fileRef = 288765FC0DF74451002DB57D /* CoreGraphics.framework */; };
		28AD733F0D9D9553002E5188 /* MainWindow.xib in Resources */ = {isa = PBXBuildFile; fileRef = 28AD733E0D9D9553002E5188 /* MainWindow.xib */; };
		CD33A58011EBCF6300A4B114 /* test.7z in Resources */ = {isa = PBXBuildFile; fileRef = CD33A57F11EBCF6300A4B114 /* test.7z */; };
		CD33A5EA11EBD12800A4B114 /* LZMAExtractor.m in Sources */ = {isa = PBXBuildFile; fileRef = CD33A5E911EBD12800A4B114 /* LZMAExtractor.m */; };
		CD875A0D11EBB67C004A1640 /* 7zBuf.c in Sources */ = {isa = PBXBuildFile; fileRef = CD8759ED11EBB67C004A1640 /* 7zBuf.c */; };
		CD875A0E11EBB67C004A1640 /* 7zBuf2.c in Sources */ = {isa = PBXBuildFile; fileRef = CD8759EF11EBB67C004A1640 /* 7zBuf2.c */; };
		CD875A1111EBB67C004A1640 /* 7zDec.c in Sources */ = {isa = PBXBuildFile; fileRef = CD8759F311EBB67C004A1640 /* 7zDec.c */; };
		CD875A1211EBB67C004A1640 /* 7zFile.c in Sources */ = {isa = PBXBuildFile; fileRef = CD8759F411EBB67C004A1640 /* 7zFile.c */; };
		CD875A1311EBB67C004A1640 /* 7zIn.c in Sources */ = {isa = PBXBuildFile; fileRef = CD8759F611EBB67C004A1640 /* 7zIn.c */; };
		CD875A1411EBB67C004A1640 /* 7zStream.c in Sources */ = {isa = PBXBuildFile; fileRef = CD8759F711EBB67C004A1640 /* 7zStream.c */; };
		CD875A1511EBB67C004A1640 /* Alloc.c in Sources */ = {isa = PBXBuildFile; fileRef = CD8759F911EBB67C004A1640 /* Alloc.c */; };
		CD875A1711EBB67C004A1640 /* Delta.c in Sources */ = {isa = PBXBuildFile; fileRef = CD8759FD11EBB67C004A1640 /* Delta.c */; };
		CD875A1811EBB67C004A1640 /* Lzma2Dec.c in Sources */ = {isa = PBXBuildFile; fileRef = CD875A0011EBB67C004A1640 /* Lzma2Dec.c */; };
		CD875A1C11EBB67C004A1640 /* LzmaDec.c in Sources */ = {isa = PBXBuildFile; fileRef = CD875A0711EBB67C004A1640 /* LzmaDec.c */; };
		CD875A2911EBB689004A1640 /* Ppmd7.c in Sources */ = {isa = PBXBuildFile; fileRef = CD875A2011EBB689004A1640 /* Ppmd7.c */; };
		CD875A2A11EBB689004A1640 /* Ppmd7Dec.c in Sources */ = {isa = PBXBuildFile; fileRef = CD875A2211EBB689004A1640 /* Ppmd7Dec.c */; };
		CD875A2B11EBB689004A1640 /* Ppmd8.c in Sources */ = {isa = PBXBuildFile; fileRef = CD875A2311EBB689004A1640 /* Ppmd8.c */; };
		CD875A2C11EBB689004A1640 /* Ppmd8Dec.c in Sources */ = {isa = PBXBuildFile; fileRef = CD875A2511EBB689004A1640 /* Ppmd8Dec.c */; };
		CD875AA411EBBAC7004A1640 /* CpuArch.c in Sources */ = {isa = PBXBuildFile; fileRef = CD875AA211EBBAC7004A1640 /* CpuArch.c */; };
		CD875B1311EBC037004A1640 /* 7zAlloc.c in Sources */ = {isa = PBXBuildFile; fileRef = CD875B1011EBC037004A1640 /* 7zAlloc.c */; };
		CD875B1411EBC037004A1640 /* 7zMain.c in Sources */ = {isa = PBXBuildFile; fileRef = CD875B1211EBC037004A1640 /* 7zMain.c */; };
/* End PBXBuildFile section */

/* Begin PBXFileReference section */
		1D30AB110D05D00D00671497 /* Foundation.framework */ = {isa = PBXFileReference; lastKnownFileType = wrapper.framework; name = Foundation.framework; path = System/Library/Frameworks/Foundation.framework; sourceTree = SDKROOT; };
		1D3623240D0F684500981E51 /* lzmaSDKAppDelegate.h */ = {isa = PBXFileReference; fileEncoding = 4; lastKnownFileType = sourcecode.c.h; path = lzmaSDKAppDelegate.h; sourceTree = "<group>"; };
		1D3623250D0F684500981E51 /* lzmaSDKAppDelegate.m */ = {isa = PBXFileReference; fileEncoding = 4; lastKnownFileType = sourcecode.c.objc; path = lzmaSDKAppDelegate.m; sourceTree = "<group>"; };
		1D6058910D05DD3D006BFB54 /* lzmaSDK.app */ = {isa = PBXFileReference; explicitFileType = wrapper.application; includeInIndex = 0; path = lzmaSDK.app; sourceTree = BUILT_PRODUCTS_DIR; };
		1DF5F4DF0D08C38300B7A737 /* UIKit.framework */ = {isa = PBXFileReference; lastKnownFileType = wrapper.framework; name = UIKit.framework; path = System/Library/Frameworks/UIKit.framework; sourceTree = SDKROOT; };
		288765FC0DF74451002DB57D /* CoreGraphics.framework */ = {isa = PBXFileReference; lastKnownFileType = wrapper.framework; name = CoreGraphics.framework; path = System/Library/Frameworks/CoreGraphics.framework; sourceTree = SDKROOT; };
		28AD733E0D9D9553002E5188 /* MainWindow.xib */ = {isa = PBXFileReference; lastKnownFileType = file.xib; path = MainWindow.xib; sourceTree = "<group>"; };
		29B97316FDCFA39411CA2CEA /* main.m */ = {isa = PBXFileReference; fileEncoding = 4; lastKnownFileType = sourcecode.c.objc; path = main.m; sourceTree = "<group>"; };
		32CA4F630368D1EE00C91783 /* lzmaSDK_Prefix.pch */ = {isa = PBXFileReference; fileEncoding = 4; lastKnownFileType = sourcecode.c.h; path = lzmaSDK_Prefix.pch; sourceTree = "<group>"; };
		8D1107310486CEB800E47090 /* lzmaSDK-Info.plist */ = {isa = PBXFileReference; fileEncoding = 4; lastKnownFileType = text.plist.xml; path = "lzmaSDK-Info.plist"; plistStructureDefinitionIdentifier = "com.apple.xcode.plist.structure-definition.iphone.info-plist"; sourceTree = "<group>"; };
		CD33A57F11EBCF6300A4B114 /* test.7z */ = {isa = PBXFileReference; lastKnownFileType = file; path = test.7z; sourceTree = "<group>"; };
		CD33A5E811EBD12800A4B114 /* LZMAExtractor.h */ = {isa = PBXFileReference; fileEncoding = 4; lastKnownFileType = sourcecode.c.h; path = LZMAExtractor.h; sourceTree = "<group>"; };
		CD33A5E911EBD12800A4B114 /* LZMAExtractor.m */ = {isa = PBXFileReference; fileEncoding = 4; lastKnownFileType = sourcecode.c.objc; path = LZMAExtractor.m; sourceTree = "<group>"; };
		CD8759EC11EBB67C004A1640 /* 7z.h */ = {isa = PBXFileReference; fileEncoding = 4; lastKnownFileType = sourcecode.c.h; path = 7z.h; sourceTree = "<group>"; };
		CD8759ED11EBB67C004A1640 /* 7zBuf.c */ = {isa = PBXFileReference; fileEncoding = 4; lastKnownFileType = sourcecode.c.c; path = 7zBuf.c; sourceTree = "<group>"; };
		CD8759EE11EBB67C004A1640 /* 7zBuf.h */ = {isa = PBXFileReference; fileEncoding = 4; lastKnownFileType = sourcecode.c.h; path = 7zBuf.h; sourceTree = "<group>"; };
		CD8759EF11EBB67C004A1640 /* 7zBuf2.c */ = {isa = PBXFileReference; fileEncoding = 4; lastKnownFileType = sourcecode.c.c; path = 7zBuf2.c; sourceTree = "<group>"; };
		CD8759F311EBB67C004A1640 /* 7zDec.c */ = {isa = PBXFileReference; fileEncoding = 4; lastKnownFileType = sourcecode.c.c; path = 7zDec.c; sourceTree = "<group>"; };
		CD8759F411EBB67C004A1640 /* 7zFile.c */ = {isa = PBXFileReference; fileEncoding = 4; lastKnownFileType = sourcecode.c.c; path = 7zFile.c; sourceTree = "<group>"; };
		CD8759F511EBB67C004A1640 /* 7zFile.h */ = {isa = PBXFileReference; fileEncoding = 4; lastKnownFileType = sourcecode.c.h; path = 7zFile.h; sourceTree = "<group>"; };
		CD8759F611EBB67C004A1640 /* 7zIn.c */ = {isa = PBXFileReference; fileEncoding = 4; lastKnownFileType = sourcecode.c.c; path = 7zIn.c; sourceTree = "<group>"; };
		CD8759F711EBB67C004A1640 /* 7zStream.c */ = {isa = PBXFileReference; fileEncoding = 4; lastKnownFileType = sourcecode.c.c; path = 7zStream.c; sourceTree = "<group>"; };
		CD8759F811EBB67C004A1640 /* 7zVersion.h */ = {isa = PBXFileReference; fileEncoding = 4; lastKnownFileType = sourcecode.c.h; path = 7zVersion.h; sourceTree = "<group>"; };
		CD8759F911EBB67C004A1640 /* Alloc.c */ = {isa = PBXFileReference; fileEncoding = 4; lastKnownFileType = sourcecode.c.c; path = Alloc.c; sourceTree = "<group>"; };
		CD8759FA11EBB67C004A1640 /* Alloc.h */ = {isa = PBXFileReference; fileEncoding = 4; lastKnownFileType = sourcecode.c.h; path = Alloc.h; sourceTree = "<group>"; };
		CD8759FD11EBB67C004A1640 /* Delta.c */ = {isa = PBXFileReference; fileEncoding = 4; lastKnownFileType = sourcecode.c.c; path = Delta.c; sourceTree = "<group>"; };
		CD8759FE11EBB67C004A1640 /* Delta.h */ = {isa = PBXFileReference; fileEncoding = 4; lastKnownFileType = sourcecode.c.h; path = Delta.h; sourceTree = "<group>"; };
		CD8759FF11EBB67C004A1640 /* LzHash.h */ = {isa = PBXFileReference; fileEncoding = 4; lastKnownFileType = sourcecode.c.h; path = LzHash.h; sourceTree = "<group>"; };
		CD875A0011EBB67C004A1640 /* Lzma2Dec.c */ = {isa = PBXFileReference; fileEncoding = 4; lastKnownFileType = sourcecode.c.c; path = Lzma2Dec.c; sourceTree = "<group>"; };
		CD875A0111EBB67C004A1640 /* Lzma2Dec.h */ = {isa = PBXFileReference; fileEncoding = 4; lastKnownFileType = sourcecode.c.h; path = Lzma2Dec.h; sourceTree = "<group>"; };
		CD875A0711EBB67C004A1640 /* LzmaDec.c */ = {isa = PBXFileReference; fileEncoding = 4; lastKnownFileType = sourcecode.c.c; path = LzmaDec.c; sourceTree = "<group>"; };
		CD875A0811EBB67C004A1640 /* LzmaDec.h */ = {isa = PBXFileReference; fileEncoding = 4; lastKnownFileType = sourcecode.c.h; path = LzmaDec.h; sourceTree = "<group>"; };
		CD875A1F11EBB689004A1640 /* Ppmd.h */ = {isa = PBXFileReference; fileEncoding = 4; lastKnownFileType = sourcecode.c.h; path = Ppmd.h; sourceTree = "<group>"; };
		CD875A2011EBB689004A1640 /* Ppmd7.c */ = {isa = PBXFileReference; fileEncoding = 4; lastKnownFileType = sourcecode.c.c; path = Ppmd7.c; sourceTree = "<group>"; };
		CD875A2111EBB689004A1640 /* Ppmd7.h */ = {isa = PBXFileReference; fileEncoding = 4; lastKnownFileType = sourcecode.c.h; path = Ppmd7.h; sourceTree = "<group>"; };
		CD875A2211EBB689004A1640 /* Ppmd7Dec.c */ = {isa = PBXFileReference; fileEncoding = 4; lastKnownFileType = sourcecode.c.c; path = Ppmd7Dec.c; sourceTree = "<group>"; };
		CD875A2311EBB689004A1640 /* Ppmd8.c */ = {isa = PBXFileReference; fileEncoding = 4; lastKnownFileType = sourcecode.c.c; path = Ppmd8.c; sourceTree = "<group>"; };
		CD875A2411EBB689004A1640 /* Ppmd8.h */ = {isa = PBXFileReference; fileEncoding = 4; lastKnownFileType = sourcecode.c.h; path = Ppmd8.h; sourceTree = "<group>"; };
		CD875A2511EBB689004A1640 /* Ppmd8Dec.c */ = {isa = PBXFileReference; fileEncoding = 4; lastKnownFileType = sourcecode.c.c; path = Ppmd8Dec.c; sourceTree = "<group>"; };
		CD875A2711EBB689004A1640 /* RotateDefs.h */ = {isa = PBXFileReference; fileEncoding = 4; lastKnownFileType = sourcecode.c.h; path = RotateDefs.h; sourceTree = "<group>"; };
		CD875A2811EBB689004A1640 /* Types.h */ = {isa = PBXFileReference; fileEncoding = 4; lastKnownFileType = sourcecode.c.h; path = Types.h; sourceTree = "<group>"; };
		CD875AA211EBBAC7004A1640 /* CpuArch.c */ = {isa = PBXFileReference; fileEncoding = 4; lastKnownFileType = sourcecode.c.c; path = CpuArch.c; sourceTree = "<group>"; };
		CD875AA311EBBAC7004A1640 /* CpuArch.h */ = {isa = PBXFileReference; fileEncoding = 4; lastKnownFileType = sourcecode.c.h; path = CpuArch.h; sourceTree = "<group>"; };
		CD875B1011EBC037004A1640 /* 7zAlloc.c */ = {isa = PBXFileReference; fileEncoding = 4; lastKnownFileType = sourcecode.c.c; path = 7zAlloc.c; sourceTree = "<group>"; };
		CD875B1111EBC037004A1640 /* 7zAlloc.h */ = {isa = PBXFileReference; fileEncoding = 4; lastKnownFileType = sourcecode.c.h; path = 7zAlloc.h; sourceTree = "<group>"; };
		CD875B1211EBC037004A1640 /* 7zMain.c */ = {isa = PBXFileReference; fileEncoding = 4; lastKnownFileType = sourcecode.c.c; path = 7zMain.c; sourceTree = "<group>"; };
/* End PBXFileReference section */

/* Begin PBXFrameworksBuildPhase section */
		1D60588F0D05DD3D006BFB54 /* Frameworks */ = {
			isa = PBXFrameworksBuildPhase;
			buildActionMask = 2147483647;
			files = (
				1D60589F0D05DD5A006BFB54 /* Foundation.framework in Frameworks */,
				1DF5F4E00D08C38300B7A737 /* UIKit.framework in Frameworks */,
				288765FD0DF74451002DB57D /* CoreGraphics.framework in Frameworks */,
			);
			runOnlyForDeploymentPostprocessing = 0;
		};
/* End PBXFrameworksBuildPhase section */

/* Begin PBXGroup section */
		080E96DDFE201D6D7F000001 /* Classes */ = {
			isa = PBXGroup;
			children = (
				CD9C907910C4925900FAD63F /* LZMASDK */,
				1D3623240D0F684500981E51 /* lzmaSDKAppDelegate.h */,
				1D3623250D0F684500981E51 /* lzmaSDKAppDelegate.m */,
			);
			path = Classes;
			sourceTree = "<group>";
		};
		19C28FACFE9D520D11CA2CBB /* Products */ = {
			isa = PBXGroup;
			children = (
				1D6058910D05DD3D006BFB54 /* lzmaSDK.app */,
			);
			name = Products;
			sourceTree = "<group>";
		};
		29B97314FDCFA39411CA2CEA /* CustomTemplate */ = {
			isa = PBXGroup;
			children = (
				080E96DDFE201D6D7F000001 /* Classes */,
				29B97315FDCFA39411CA2CEA /* Other Sources */,
				29B97317FDCFA39411CA2CEA /* Resources */,
				29B97323FDCFA39411CA2CEA /* Frameworks */,
				19C28FACFE9D520D11CA2CBB /* Products */,
			);
			name = CustomTemplate;
			sourceTree = "<group>";
		};
		29B97315FDCFA39411CA2CEA /* Other Sources */ = {
			isa = PBXGroup;
			children = (
				32CA4F630368D1EE00C91783 /* lzmaSDK_Prefix.pch */,
				29B97316FDCFA39411CA2CEA /* main.m */,
			);
			name = "Other Sources";
			sourceTree = "<group>";
		};
		29B97317FDCFA39411CA2CEA /* Resources */ = {
			isa = PBXGroup;
			children = (
				CD33A57F11EBCF6300A4B114 /* test.7z */,
				28AD733E0D9D9553002E5188 /* MainWindow.xib */,
				8D1107310486CEB800E47090 /* lzmaSDK-Info.plist */,
			);
			name = Resources;
			sourceTree = "<group>";
		};
		29B97323FDCFA39411CA2CEA /* Frameworks */ = {
			isa = PBXGroup;
			children = (
				1DF5F4DF0D08C38300B7A737 /* UIKit.framework */,
				1D30AB110D05D00D00671497 /* Foundation.framework */,
				288765FC0DF74451002DB57D /* CoreGraphics.framework */,
			);
			name = Frameworks;
			sourceTree = "<group>";
		};
		CD875B0E11EBC037004A1640 /* Util */ = {
			isa = PBXGroup;
			children = (
				CD875B0F11EBC037004A1640 /* 7z */,
			);
			path = Util;
			sourceTree = "<group>";
		};
		CD875B0F11EBC037004A1640 /* 7z */ = {
			isa = PBXGroup;
			children = (
				CD875B1011EBC037004A1640 /* 7zAlloc.c */,
				CD875B1111EBC037004A1640 /* 7zAlloc.h */,
				CD875B1211EBC037004A1640 /* 7zMain.c */,
			);
			path = 7z;
			sourceTree = "<group>";
		};
		CD9C907910C4925900FAD63F /* LZMASDK */ = {
			isa = PBXGroup;
			children = (
				CD33A5E811EBD12800A4B114 /* LZMAExtractor.h */,
				CD33A5E911EBD12800A4B114 /* LZMAExtractor.m */,
				CD875B0E11EBC037004A1640 /* Util */,
				CD875AA311EBBAC7004A1640 /* CpuArch.h */,
				CD875AA211EBBAC7004A1640 /* CpuArch.c */,
				CD875A1F11EBB689004A1640 /* Ppmd.h */,
				CD875A2011EBB689004A1640 /* Ppmd7.c */,
				CD875A2111EBB689004A1640 /* Ppmd7.h */,
				CD875A2211EBB689004A1640 /* Ppmd7Dec.c */,
				CD875A2311EBB689004A1640 /* Ppmd8.c */,
				CD875A2411EBB689004A1640 /* Ppmd8.h */,
				CD875A2511EBB689004A1640 /* Ppmd8Dec.c */,
				CD875A2711EBB689004A1640 /* RotateDefs.h */,
				CD875A2811EBB689004A1640 /* Types.h */,
				CD8759EC11EBB67C004A1640 /* 7z.h */,
				CD8759ED11EBB67C004A1640 /* 7zBuf.c */,
				CD8759EE11EBB67C004A1640 /* 7zBuf.h */,
				CD8759EF11EBB67C004A1640 /* 7zBuf2.c */,
				CD8759F311EBB67C004A1640 /* 7zDec.c */,
				CD8759F411EBB67C004A1640 /* 7zFile.c */,
				CD8759F511EBB67C004A1640 /* 7zFile.h */,
				CD8759F611EBB67C004A1640 /* 7zIn.c */,
				CD8759F711EBB67C004A1640 /* 7zStream.c */,
				CD8759F811EBB67C004A1640 /* 7zVersion.h */,
				CD8759F911EBB67C004A1640 /* Alloc.c */,
				CD8759FA11EBB67C004A1640 /* Alloc.h */,
				CD8759FD11EBB67C004A1640 /* Delta.c */,
				CD8759FE11EBB67C004A1640 /* Delta.h */,
				CD8759FF11EBB67C004A1640 /* LzHash.h */,
				CD875A0011EBB67C004A1640 /* Lzma2Dec.c */,
				CD875A0111EBB67C004A1640 /* Lzma2Dec.h */,
				CD875A0711EBB67C004A1640 /* LzmaDec.c */,
				CD875A0811EBB67C004A1640 /* LzmaDec.h */,
			);
			path = LZMASDK;
			sourceTree = "<group>";
		};
/* End PBXGroup section */

/* Begin PBXNativeTarget section */
		1D6058900D05DD3D006BFB54 /* lzmaSDK */ = {
			isa = PBXNativeTarget;
			buildConfigurationList = 1D6058960D05DD3E006BFB54 /* Build configuration list for PBXNativeTarget "lzmaSDK" */;
			buildPhases = (
				1D60588D0D05DD3D006BFB54 /* Resources */,
				1D60588E0D05DD3D006BFB54 /* Sources */,
				1D60588F0D05DD3D006BFB54 /* Frameworks */,
			);
			buildRules = (
			);
			dependencies = (
			);
			name = lzmaSDK;
			productName = lzmaSDK;
			productReference = 1D6058910D05DD3D006BFB54 /* lzmaSDK.app */;
			productType = "com.apple.product-type.application";
		};
/* End PBXNativeTarget section */

/* Begin PBXProject section */
		29B97313FDCFA39411CA2CEA /* Project object */ = {
			isa = PBXProject;
			buildConfigurationList = C01FCF4E08A954540054247B /* Build configuration list for PBXProject "lzmaSDK" */;
			compatibilityVersion = "Xcode 3.1";
			developmentRegion = English;
			hasScannedForEncodings = 1;
			knownRegions = (
				English,
				Japanese,
				French,
				German,
			);
			mainGroup = 29B97314FDCFA39411CA2CEA /* CustomTemplate */;
			projectDirPath = "";
			projectRoot = "";
			targets = (
				1D6058900D05DD3D006BFB54 /* lzmaSDK */,
			);
		};
/* End PBXProject section */

/* Begin PBXResourcesBuildPhase section */
		1D60588D0D05DD3D006BFB54 /* Resources */ = {
			isa = PBXResourcesBuildPhase;
			buildActionMask = 2147483647;
			files = (
				28AD733F0D9D9553002E5188 /* MainWindow.xib in Resources */,
				CD33A58011EBCF6300A4B114 /* test.7z in Resources */,
			);
			runOnlyForDeploymentPostprocessing = 0;
		};
/* End PBXResourcesBuildPhase section */

/* Begin PBXSourcesBuildPhase section */
		1D60588E0D05DD3D006BFB54 /* Sources */ = {
			isa = PBXSourcesBuildPhase;
			buildActionMask = 2147483647;
			files = (
				1D60589B0D05DD56006BFB54 /* main.m in Sources */,
				1D3623260D0F684500981E51 /* lzmaSDKAppDelegate.m in Sources */,
				CD875A0D11EBB67C004A1640 /* 7zBuf.c in Sources */,
				CD875A0E11EBB67C004A1640 /* 7zBuf2.c in Sources */,
				CD875A1111EBB67C004A1640 /* 7zDec.c in Sources */,
				CD875A1211EBB67C004A1640 /* 7zFile.c in Sources */,
				CD875A1311EBB67C004A1640 /* 7zIn.c in Sources */,
				CD875A1411EBB67C004A1640 /* 7zStream.c in Sources */,
				CD875A1511EBB67C004A1640 /* Alloc.c in Sources */,
				CD875A1711EBB67C004A1640 /* Delta.c in Sources */,
				CD875A1811EBB67C004A1640 /* Lzma2Dec.c in Sources */,
				CD875A1C11EBB67C004A1640 /* LzmaDec.c in Sources */,
				CD875A2911EBB689004A1640 /* Ppmd7.c in Sources */,
				CD875A2A11EBB689004A1640 /* Ppmd7Dec.c in Sources */,
				CD875A2B11EBB689004A1640 /* Ppmd8.c in Sources */,
				CD875A2C11EBB689004A1640 /* Ppmd8Dec.c in Sources */,
				CD875AA411EBBAC7004A1640 /* CpuArch.c in Sources */,
				CD875B1311EBC037004A1640 /* 7zAlloc.c in Sources */,
				CD875B1411EBC037004A1640 /* 7zMain.c in Sources */,
				CD33A5EA11EBD12800A4B114 /* LZMAExtractor.m in Sources */,
			);
			runOnlyForDeploymentPostprocessing = 0;
		};
/* End PBXSourcesBuildPhase section */

/* Begin XCBuildConfiguration section */
		1D6058940D05DD3E006BFB54 /* Debug */ = {
			isa = XCBuildConfiguration;
			buildSettings = {
				ALWAYS_SEARCH_USER_PATHS = NO;
				COPY_PHASE_STRIP = NO;
				GCC_DYNAMIC_NO_PIC = NO;
				GCC_OPTIMIZATION_LEVEL = 0;
				GCC_PRECOMPILE_PREFIX_HEADER = YES;
				GCC_PREFIX_HEADER = lzmaSDK_Prefix.pch;
				INFOPLIST_FILE = "lzmaSDK-Info.plist";
				PRODUCT_NAME = lzmaSDK;
			};
			name = Debug;
		};
		1D6058950D05DD3E006BFB54 /* Release */ = {
			isa = XCBuildConfiguration;
			buildSettings = {
				ALWAYS_SEARCH_USER_PATHS = NO;
				COPY_PHASE_STRIP = YES;
				GCC_PRECOMPILE_PREFIX_HEADER = YES;
				GCC_PREFIX_HEADER = lzmaSDK_Prefix.pch;
				INFOPLIST_FILE = "lzmaSDK-Info.plist";
				PRODUCT_NAME = lzmaSDK;
			};
			name = Release;
		};
		C01FCF4F08A954540054247B /* Debug */ = {
			isa = XCBuildConfiguration;
			buildSettings = {
				ARCHS = "$(ARCHS_STANDARD_32_BIT)";
				"CODE_SIGN_IDENTITY[sdk=iphoneos*]" = "iPhone Developer";
				GCC_C_LANGUAGE_STANDARD = c99;
				GCC_WARN_ABOUT_RETURN_TYPE = YES;
				GCC_WARN_UNUSED_VARIABLE = YES;
				IPHONEOS_DEPLOYMENT_TARGET = 3.1.3;
				PREBINDING = NO;
				SDKROOT = iphoneos;
			};
			name = Debug;
		};
		C01FCF5008A954540054247B /* Release */ = {
			isa = XCBuildConfiguration;
			buildSettings = {
				ARCHS = "$(ARCHS_STANDARD_32_BIT)";
				"CODE_SIGN_IDENTITY[sdk=iphoneos*]" = "iPhone Developer";
				GCC_C_LANGUAGE_STANDARD = c99;
				GCC_WARN_ABOUT_RETURN_TYPE = YES;
				GCC_WARN_UNUSED_VARIABLE = YES;
				IPHONEOS_DEPLOYMENT_TARGET = 3.1.3;
				PREBINDING = NO;
				SDKROOT = iphoneos;
			};
			name = Release;
		};
/* End XCBuildConfiguration section */

/* Begin XCConfigurationList section */
		1D6058960D05DD3E006BFB54 /* Build configuration list for PBXNativeTarget "lzmaSDK" */ = {
			isa = XCConfigurationList;
			buildConfigurations = (
				1D6058940D05DD3E006BFB54 /* Debug */,
				1D6058950D05DD3E006BFB54 /* Release */,
			);
			defaultConfigurationIsVisible = 0;
			defaultConfigurationName = Release;
		};
		C01FCF4E08A954540054247B /* Build configuration list for PBXProject "lzmaSDK" */ = {
			isa = XCConfigurationList;
			buildConfigurations = (
				C01FCF4F08A954540054247B /* Debug */,
				C01FCF5008A954540054247B /* Release */,
			);
			defaultConfigurationIsVisible = 0;
			defaultConfigurationName = Release;
		};
/* End XCConfigurationList section */
	};
	rootObject = 29B97313FDCFA39411CA2CEA /* Project object */;
}
