// !$*UTF8*$!
{
	archiveVersion = 1;
	classes = {
	};
	objectVersion = 46;
	objects = {

/* Begin PBXBuildFile section */
		1D3623260D0F684500981E51 /* lzmaSDKAppDelegate.m in Sources */ = {isa = PBXBuildFile; fileRef = 1D3623250D0F684500981E51 /* lzmaSDKAppDelegate.m */; };
		1D60589B0D05DD56006BFB54 /* main.m in Sources */ = {isa = PBXBuildFile; fileRef = 29B97316FDCFA39411CA2CEA /* main.m */; };
		1D60589F0D05DD5A006BFB54 /* Foundation.framework in Frameworks */ = {isa = PBXBuildFile; fileRef = 1D30AB110D05D00D00671497 /* Foundation.framework */; };
		1DF5F4E00D08C38300B7A737 /* UIKit.framework in Frameworks */ = {isa = PBXBuildFile; fileRef = 1DF5F4DF0D08C38300B7A737 /* UIKit.framework */; };
		288765FD0DF74451002DB57D /* CoreGraphics.framework in Frameworks */ = {isa = PBXBuildFile; fileRef = 288765FC0DF74451002DB57D /* CoreGraphics.framework */; };
		28AD733F0D9D9553002E5188 /* MainWindow.xib in Resources */ = {isa = PBXBuildFile; fileRef = 28AD733E0D9D9553002E5188 /* MainWindow.xib */; };
		3CD338101B4F2D0C003A9F85 /* lzmaSDK.h in Headers */ = {isa = PBXBuildFile; fileRef = 3CD3380F1B4F2D0C003A9F85 /* lzmaSDK.h */; settings = {ATTRIBUTES = (Public, ); }; };
		3CD338161B4F2D0C003A9F85 /* lzmaSDK.framework in Frameworks */ = {isa = PBXBuildFile; fileRef = 3CD3380B1B4F2D0C003A9F85 /* lzmaSDK.framework */; };
		3CD3381D1B4F2D0C003A9F85 /* LZMAExtractorTests.m in Sources */ = {isa = PBXBuildFile; fileRef = 3CD3381C1B4F2D0C003A9F85 /* LZMAExtractorTests.m */; };
		3CD338241B4F2DE1003A9F85 /* LZMAExtractor.m in Sources */ = {isa = PBXBuildFile; fileRef = CD33A5E911EBD12800A4B114 /* LZMAExtractor.m */; };
		3CD338251B4F2DE1003A9F85 /* 7zAlloc.c in Sources */ = {isa = PBXBuildFile; fileRef = CD875B1011EBC037004A1640 /* 7zAlloc.c */; };
		3CD338261B4F2DE1003A9F85 /* 7zMain.c in Sources */ = {isa = PBXBuildFile; fileRef = CD875B1211EBC037004A1640 /* 7zMain.c */; };
		3CD338271B4F2DE1003A9F85 /* CpuArch.c in Sources */ = {isa = PBXBuildFile; fileRef = CD875AA211EBBAC7004A1640 /* CpuArch.c */; };
		3CD338281B4F2DE1003A9F85 /* Ppmd7.c in Sources */ = {isa = PBXBuildFile; fileRef = CD875A2011EBB689004A1640 /* Ppmd7.c */; };
		3CD338291B4F2DE1003A9F85 /* Ppmd7Dec.c in Sources */ = {isa = PBXBuildFile; fileRef = CD875A2211EBB689004A1640 /* Ppmd7Dec.c */; };
		3CD3382A1B4F2DE1003A9F85 /* Ppmd8.c in Sources */ = {isa = PBXBuildFile; fileRef = CD875A2311EBB689004A1640 /* Ppmd8.c */; };
		3CD3382B1B4F2DE1003A9F85 /* Ppmd8Dec.c in Sources */ = {isa = PBXBuildFile; fileRef = CD875A2511EBB689004A1640 /* Ppmd8Dec.c */; };
		3CD3382C1B4F2DE1003A9F85 /* 7zIn.c in Sources */ = {isa = PBXBuildFile; fileRef = CD8759F611EBB67C004A1640 /* 7zIn.c */; };
		3CD3382D1B4F2DE1003A9F85 /* 7zBuf.c in Sources */ = {isa = PBXBuildFile; fileRef = CD8759ED11EBB67C004A1640 /* 7zBuf.c */; };
		3CD3382E1B4F2DE1003A9F85 /* 7zBuf2.c in Sources */ = {isa = PBXBuildFile; fileRef = CD8759EF11EBB67C004A1640 /* 7zBuf2.c */; };
		3CD3382F1B4F2DE1003A9F85 /* 7zDec.c in Sources */ = {isa = PBXBuildFile; fileRef = CD8759F311EBB67C004A1640 /* 7zDec.c */; };
		3CD338301B4F2DE1003A9F85 /* 7zFile.c in Sources */ = {isa = PBXBuildFile; fileRef = CD8759F411EBB67C004A1640 /* 7zFile.c */; };
		3CD338311B4F2DE1003A9F85 /* 7zStream.c in Sources */ = {isa = PBXBuildFile; fileRef = CD8759F711EBB67C004A1640 /* 7zStream.c */; };
		3CD338321B4F2DE1003A9F85 /* Alloc.c in Sources */ = {isa = PBXBuildFile; fileRef = CD8759F911EBB67C004A1640 /* Alloc.c */; };
		3CD338331B4F2DE1003A9F85 /* Delta.c in Sources */ = {isa = PBXBuildFile; fileRef = CD8759FD11EBB67C004A1640 /* Delta.c */; };
		3CD338341B4F2DE1003A9F85 /* Lzma2Dec.c in Sources */ = {isa = PBXBuildFile; fileRef = CD875A0011EBB67C004A1640 /* Lzma2Dec.c */; };
		3CD338351B4F2DE1003A9F85 /* LzmaDec.c in Sources */ = {isa = PBXBuildFile; fileRef = CD875A0711EBB67C004A1640 /* LzmaDec.c */; };
		3CD338361B4F2E00003A9F85 /* LZMAExtractor.h in Headers */ = {isa = PBXBuildFile; fileRef = CD33A5E811EBD12800A4B114 /* LZMAExtractor.h */; settings = {ATTRIBUTES = (Public, ); }; };
		3CD338371B4F2ED6003A9F85 /* test.7z in Resources */ = {isa = PBXBuildFile; fileRef = CD33A57F11EBCF6300A4B114 /* test.7z */; };
		3CD338381B4F2ED6003A9F85 /* halfgig.7z in Resources */ = {isa = PBXBuildFile; fileRef = CD968D3316AE04200003BCBB /* halfgig.7z */; };
		3CD338391B4F2ED6003A9F85 /* sixfiftymeg_2blocks.7z in Resources */ = {isa = PBXBuildFile; fileRef = CDCCBE4816AE0EA70007BB70 /* sixfiftymeg_2blocks.7z */; };
		3CD3383A1B4F2F6F003A9F85 /* onegig.7z in Resources */ = {isa = PBXBuildFile; fileRef = CD4488B116ADF6100022E1AA /* onegig.7z */; };
		3CD768D61C253A4B00660FB1 /* files_dirs.7z in Resources */ = {isa = PBXBuildFile; fileRef = 3CD768D51C253A4B00660FB1 /* files_dirs.7z */; };
		3CD768D71C253A4B00660FB1 /* files_dirs.7z in Resources */ = {isa = PBXBuildFile; fileRef = 3CD768D51C253A4B00660FB1 /* files_dirs.7z */; };
		CD33A58011EBCF6300A4B114 /* test.7z in Resources */ = {isa = PBXBuildFile; fileRef = CD33A57F11EBCF6300A4B114 /* test.7z */; };
		CD33A5EA11EBD12800A4B114 /* LZMAExtractor.m in Sources */ = {isa = PBXBuildFile; fileRef = CD33A5E911EBD12800A4B114 /* LZMAExtractor.m */; };
		CD4488B216ADF6100022E1AA /* onegig.7z in Resources */ = {isa = PBXBuildFile; fileRef = CD4488B116ADF6100022E1AA /* onegig.7z */; };
		CD875A0D11EBB67C004A1640 /* 7zBuf.c in Sources */ = {isa = PBXBuildFile; fileRef = CD8759ED11EBB67C004A1640 /* 7zBuf.c */; };
		CD875A0E11EBB67C004A1640 /* 7zBuf2.c in Sources */ = {isa = PBXBuildFile; fileRef = CD8759EF11EBB67C004A1640 /* 7zBuf2.c */; };
		CD875A1111EBB67C004A1640 /* 7zDec.c in Sources */ = {isa = PBXBuildFile; fileRef = CD8759F311EBB67C004A1640 /* 7zDec.c */; };
		CD875A1211EBB67C004A1640 /* 7zFile.c in Sources */ = {isa = PBXBuildFile; fileRef = CD8759F411EBB67C004A1640 /* 7zFile.c */; };
		CD875A1311EBB67C004A1640 /* 7zIn.c in Sources */ = {isa = PBXBuildFile; fileRef = CD8759F611EBB67C004A1640 /* 7zIn.c */; };
		CD875A1411EBB67C004A1640 /* 7zStream.c in Sources */ = {isa = PBXBuildFile; fileRef = CD8759F711EBB67C004A1640 /* 7zStream.c */; };
		CD875A1511EBB67C004A1640 /* Alloc.c in Sources */ = {isa = PBXBuildFile; fileRef = CD8759F911EBB67C004A1640 /* Alloc.c */; };
		CD875A1711EBB67C004A1640 /* Delta.c in Sources */ = {isa = PBXBuildFile; fileRef = CD8759FD11EBB67C004A1640 /* Delta.c */; };
		CD875A1811EBB67C004A1640 /* Lzma2Dec.c in Sources */ = {isa = PBXBuildFile; fileRef = CD875A0011EBB67C004A1640 /* Lzma2Dec.c */; };
		CD875A1C11EBB67C004A1640 /* LzmaDec.c in Sources */ = {isa = PBXBuildFile; fileRef = CD875A0711EBB67C004A1640 /* LzmaDec.c */; };
		CD875A2911EBB689004A1640 /* Ppmd7.c in Sources */ = {isa = PBXBuildFile; fileRef = CD875A2011EBB689004A1640 /* Ppmd7.c */; };
		CD875A2A11EBB689004A1640 /* Ppmd7Dec.c in Sources */ = {isa = PBXBuildFile; fileRef = CD875A2211EBB689004A1640 /* Ppmd7Dec.c */; };
		CD875A2B11EBB689004A1640 /* Ppmd8.c in Sources */ = {isa = PBXBuildFile; fileRef = CD875A2311EBB689004A1640 /* Ppmd8.c */; };
		CD875A2C11EBB689004A1640 /* Ppmd8Dec.c in Sources */ = {isa = PBXBuildFile; fileRef = CD875A2511EBB689004A1640 /* Ppmd8Dec.c */; };
		CD875AA411EBBAC7004A1640 /* CpuArch.c in Sources */ = {isa = PBXBuildFile; fileRef = CD875AA211EBBAC7004A1640 /* CpuArch.c */; };
		CD875B1311EBC037004A1640 /* 7zAlloc.c in Sources */ = {isa = PBXBuildFile; fileRef = CD875B1011EBC037004A1640 /* 7zAlloc.c */; };
		CD875B1411EBC037004A1640 /* 7zMain.c in Sources */ = {isa = PBXBuildFile; fileRef = CD875B1211EBC037004A1640 /* 7zMain.c */; };
		CD968D3416AE04200003BCBB /* halfgig.7z in Resources */ = {isa = PBXBuildFile; fileRef = CD968D3316AE04200003BCBB /* halfgig.7z */; };
		CDCCBE4916AE0EA70007BB70 /* sixfiftymeg_2blocks.7z in Resources */ = {isa = PBXBuildFile; fileRef = CDCCBE4816AE0EA70007BB70 /* sixfiftymeg_2blocks.7z */; };
/* End PBXBuildFile section */

/* Begin PBXContainerItemProxy section */
		3CD338171B4F2D0C003A9F85 /* PBXContainerItemProxy */ = {
			isa = PBXContainerItemProxy;
			containerPortal = 29B97313FDCFA39411CA2CEA /* Project object */;
			proxyType = 1;
			remoteGlobalIDString = 3CD3380A1B4F2D0C003A9F85;
			remoteInfo = lzmaSDK;
		};
/* End PBXContainerItemProxy section */

/* Begin PBXFileReference section */
		1D30AB110D05D00D00671497 /* Foundation.framework */ = {isa = PBXFileReference; lastKnownFileType = wrapper.framework; name = Foundation.framework; path = System/Library/Frameworks/Foundation.framework; sourceTree = SDKROOT; };
		1D3623240D0F684500981E51 /* lzmaSDKAppDelegate.h */ = {isa = PBXFileReference; fileEncoding = 4; lastKnownFileType = sourcecode.c.h; path = lzmaSDKAppDelegate.h; sourceTree = "<group>"; };
		1D3623250D0F684500981E51 /* lzmaSDKAppDelegate.m */ = {isa = PBXFileReference; fileEncoding = 4; lastKnownFileType = sourcecode.c.objc; path = lzmaSDKAppDelegate.m; sourceTree = "<group>"; };
		1D6058910D05DD3D006BFB54 /* lzmaApp.app */ = {isa = PBXFileReference; explicitFileType = wrapper.application; includeInIndex = 0; path = lzmaApp.app; sourceTree = BUILT_PRODUCTS_DIR; };
		1DF5F4DF0D08C38300B7A737 /* UIKit.framework */ = {isa = PBXFileReference; lastKnownFileType = wrapper.framework; name = UIKit.framework; path = System/Library/Frameworks/UIKit.framework; sourceTree = SDKROOT; };
		288765FC0DF74451002DB57D /* CoreGraphics.framework */ = {isa = PBXFileReference; lastKnownFileType = wrapper.framework; name = CoreGraphics.framework; path = System/Library/Frameworks/CoreGraphics.framework; sourceTree = SDKROOT; };
		28AD733E0D9D9553002E5188 /* MainWindow.xib */ = {isa = PBXFileReference; lastKnownFileType = file.xib; path = MainWindow.xib; sourceTree = "<group>"; };
		29B97316FDCFA39411CA2CEA /* main.m */ = {isa = PBXFileReference; fileEncoding = 4; lastKnownFileType = sourcecode.c.objc; path = main.m; sourceTree = "<group>"; };
		32CA4F630368D1EE00C91783 /* lzmaApp_Prefix.pch */ = {isa = PBXFileReference; fileEncoding = 4; lastKnownFileType = sourcecode.c.h; path = lzmaApp_Prefix.pch; sourceTree = "<group>"; };
		3CD3380B1B4F2D0C003A9F85 /* lzmaSDK.framework */ = {isa = PBXFileReference; explicitFileType = wrapper.framework; includeInIndex = 0; path = lzmaSDK.framework; sourceTree = BUILT_PRODUCTS_DIR; };
		3CD3380E1B4F2D0C003A9F85 /* lzmaSDK-Info.plist */ = {isa = PBXFileReference; lastKnownFileType = text.plist.xml; path = "lzmaSDK-Info.plist"; sourceTree = "<group>"; };
		3CD3380F1B4F2D0C003A9F85 /* lzmaSDK.h */ = {isa = PBXFileReference; lastKnownFileType = sourcecode.c.h; path = lzmaSDK.h; sourceTree = "<group>"; };
		3CD338151B4F2D0C003A9F85 /* lzmaSDKTests.xctest */ = {isa = PBXFileReference; explicitFileType = wrapper.cfbundle; includeInIndex = 0; path = lzmaSDKTests.xctest; sourceTree = BUILT_PRODUCTS_DIR; };
		3CD3381B1B4F2D0C003A9F85 /* Info.plist */ = {isa = PBXFileReference; lastKnownFileType = text.plist.xml; path = Info.plist; sourceTree = "<group>"; };
		3CD3381C1B4F2D0C003A9F85 /* LZMAExtractorTests.m */ = {isa = PBXFileReference; lastKnownFileType = sourcecode.c.objc; path = LZMAExtractorTests.m; sourceTree = "<group>"; };
		3CD768D51C253A4B00660FB1 /* files_dirs.7z */ = {isa = PBXFileReference; lastKnownFileType = file; path = files_dirs.7z; sourceTree = "<group>"; };
		8D1107310486CEB800E47090 /* lzmaApp-Info.plist */ = {isa = PBXFileReference; fileEncoding = 4; lastKnownFileType = text.plist.xml; path = "lzmaApp-Info.plist"; plistStructureDefinitionIdentifier = "com.apple.xcode.plist.structure-definition.iphone.info-plist"; sourceTree = "<group>"; };
		CD33A57F11EBCF6300A4B114 /* test.7z */ = {isa = PBXFileReference; lastKnownFileType = file; path = test.7z; sourceTree = "<group>"; };
		CD33A5E811EBD12800A4B114 /* LZMAExtractor.h */ = {isa = PBXFileReference; fileEncoding = 4; lastKnownFileType = sourcecode.c.h; path = LZMAExtractor.h; sourceTree = "<group>"; };
		CD33A5E911EBD12800A4B114 /* LZMAExtractor.m */ = {isa = PBXFileReference; fileEncoding = 4; lastKnownFileType = sourcecode.c.objc; path = LZMAExtractor.m; sourceTree = "<group>"; };
		CD4488B116ADF6100022E1AA /* onegig.7z */ = {isa = PBXFileReference; lastKnownFileType = file; path = onegig.7z; sourceTree = "<group>"; };
		CD8759EC11EBB67C004A1640 /* 7z.h */ = {isa = PBXFileReference; fileEncoding = 4; lastKnownFileType = sourcecode.c.h; path = 7z.h; sourceTree = "<group>"; };
		CD8759ED11EBB67C004A1640 /* 7zBuf.c */ = {isa = PBXFileReference; fileEncoding = 4; lastKnownFileType = sourcecode.c.c; path = 7zBuf.c; sourceTree = "<group>"; };
		CD8759EE11EBB67C004A1640 /* 7zBuf.h */ = {isa = PBXFileReference; fileEncoding = 4; lastKnownFileType = sourcecode.c.h; path = 7zBuf.h; sourceTree = "<group>"; };
		CD8759EF11EBB67C004A1640 /* 7zBuf2.c */ = {isa = PBXFileReference; fileEncoding = 4; lastKnownFileType = sourcecode.c.c; path = 7zBuf2.c; sourceTree = "<group>"; };
		CD8759F311EBB67C004A1640 /* 7zDec.c */ = {isa = PBXFileReference; fileEncoding = 4; lastKnownFileType = sourcecode.c.c; path = 7zDec.c; sourceTree = "<group>"; };
		CD8759F411EBB67C004A1640 /* 7zFile.c */ = {isa = PBXFileReference; fileEncoding = 4; lastKnownFileType = sourcecode.c.c; path = 7zFile.c; sourceTree = "<group>"; };
		CD8759F511EBB67C004A1640 /* 7zFile.h */ = {isa = PBXFileReference; fileEncoding = 4; lastKnownFileType = sourcecode.c.h; path = 7zFile.h; sourceTree = "<group>"; };
		CD8759F611EBB67C004A1640 /* 7zIn.c */ = {isa = PBXFileReference; fileEncoding = 4; lastKnownFileType = sourcecode.c.c; path = 7zIn.c; sourceTree = "<group>"; };
		CD8759F711EBB67C004A1640 /* 7zStream.c */ = {isa = PBXFileReference; fileEncoding = 4; lastKnownFileType = sourcecode.c.c; path = 7zStream.c; sourceTree = "<group>"; };
		CD8759F811EBB67C004A1640 /* 7zVersion.h */ = {isa = PBXFileReference; fileEncoding = 4; lastKnownFileType = sourcecode.c.h; path = 7zVersion.h; sourceTree = "<group>"; };
		CD8759F911EBB67C004A1640 /* Alloc.c */ = {isa = PBXFileReference; fileEncoding = 4; lastKnownFileType = sourcecode.c.c; path = Alloc.c; sourceTree = "<group>"; };
		CD8759FA11EBB67C004A1640 /* Alloc.h */ = {isa = PBXFileReference; fileEncoding = 4; lastKnownFileType = sourcecode.c.h; path = Alloc.h; sourceTree = "<group>"; };
		CD8759FD11EBB67C004A1640 /* Delta.c */ = {isa = PBXFileReference; fileEncoding = 4; lastKnownFileType = sourcecode.c.c; path = Delta.c; sourceTree = "<group>"; };
		CD8759FE11EBB67C004A1640 /* Delta.h */ = {isa = PBXFileReference; fileEncoding = 4; lastKnownFileType = sourcecode.c.h; path = Delta.h; sourceTree = "<group>"; };
		CD8759FF11EBB67C004A1640 /* LzHash.h */ = {isa = PBXFileReference; fileEncoding = 4; lastKnownFileType = sourcecode.c.h; path = LzHash.h; sourceTree = "<group>"; };
		CD875A0011EBB67C004A1640 /* Lzma2Dec.c */ = {isa = PBXFileReference; fileEncoding = 4; lastKnownFileType = sourcecode.c.c; path = Lzma2Dec.c; sourceTree = "<group>"; };
		CD875A0111EBB67C004A1640 /* Lzma2Dec.h */ = {isa = PBXFileReference; fileEncoding = 4; lastKnownFileType = sourcecode.c.h; path = Lzma2Dec.h; sourceTree = "<group>"; };
		CD875A0711EBB67C004A1640 /* LzmaDec.c */ = {isa = PBXFileReference; fileEncoding = 4; lastKnownFileType = sourcecode.c.c; path = LzmaDec.c; sourceTree = "<group>"; };
		CD875A0811EBB67C004A1640 /* LzmaDec.h */ = {isa = PBXFileReference; fileEncoding = 4; lastKnownFileType = sourcecode.c.h; path = LzmaDec.h; sourceTree = "<group>"; };
		CD875A1F11EBB689004A1640 /* Ppmd.h */ = {isa = PBXFileReference; fileEncoding = 4; lastKnownFileType = sourcecode.c.h; path = Ppmd.h; sourceTree = "<group>"; };
		CD875A2011EBB689004A1640 /* Ppmd7.c */ = {isa = PBXFileReference; fileEncoding = 4; lastKnownFileType = sourcecode.c.c; path = Ppmd7.c; sourceTree = "<group>"; };
		CD875A2111EBB689004A1640 /* Ppmd7.h */ = {isa = PBXFileReference; fileEncoding = 4; lastKnownFileType = sourcecode.c.h; path = Ppmd7.h; sourceTree = "<group>"; };
		CD875A2211EBB689004A1640 /* Ppmd7Dec.c */ = {isa = PBXFileReference; fileEncoding = 4; lastKnownFileType = sourcecode.c.c; path = Ppmd7Dec.c; sourceTree = "<group>"; };
		CD875A2311EBB689004A1640 /* Ppmd8.c */ = {isa = PBXFileReference; fileEncoding = 4; lastKnownFileType = sourcecode.c.c; path = Ppmd8.c; sourceTree = "<group>"; };
		CD875A2411EBB689004A1640 /* Ppmd8.h */ = {isa = PBXFileReference; fileEncoding = 4; lastKnownFileType = sourcecode.c.h; path = Ppmd8.h; sourceTree = "<group>"; };
		CD875A2511EBB689004A1640 /* Ppmd8Dec.c */ = {isa = PBXFileReference; fileEncoding = 4; lastKnownFileType = sourcecode.c.c; path = Ppmd8Dec.c; sourceTree = "<group>"; };
		CD875A2711EBB689004A1640 /* RotateDefs.h */ = {isa = PBXFileReference; fileEncoding = 4; lastKnownFileType = sourcecode.c.h; path = RotateDefs.h; sourceTree = "<group>"; };
		CD875A2811EBB689004A1640 /* Types.h */ = {isa = PBXFileReference; fileEncoding = 4; lastKnownFileType = sourcecode.c.h; path = Types.h; sourceTree = "<group>"; };
		CD875AA211EBBAC7004A1640 /* CpuArch.c */ = {isa = PBXFileReference; fileEncoding = 4; lastKnownFileType = sourcecode.c.c; path = CpuArch.c; sourceTree = "<group>"; };
		CD875AA311EBBAC7004A1640 /* CpuArch.h */ = {isa = PBXFileReference; fileEncoding = 4; lastKnownFileType = sourcecode.c.h; path = CpuArch.h; sourceTree = "<group>"; };
		CD875B1011EBC037004A1640 /* 7zAlloc.c */ = {isa = PBXFileReference; fileEncoding = 4; lastKnownFileType = sourcecode.c.c; path = 7zAlloc.c; sourceTree = "<group>"; };
		CD875B1111EBC037004A1640 /* 7zAlloc.h */ = {isa = PBXFileReference; fileEncoding = 4; lastKnownFileType = sourcecode.c.h; path = 7zAlloc.h; sourceTree = "<group>"; };
		CD875B1211EBC037004A1640 /* 7zMain.c */ = {isa = PBXFileReference; fileEncoding = 4; lastKnownFileType = sourcecode.c.c; path = 7zMain.c; sourceTree = "<group>"; };
		CD968D3316AE04200003BCBB /* halfgig.7z */ = {isa = PBXFileReference; lastKnownFileType = file; path = halfgig.7z; sourceTree = "<group>"; };
		CDCCBE4816AE0EA70007BB70 /* sixfiftymeg_2blocks.7z */ = {isa = PBXFileReference; lastKnownFileType = file; path = sixfiftymeg_2blocks.7z; sourceTree = "<group>"; };
/* End PBXFileReference section */

/* Begin PBXFrameworksBuildPhase section */
		1D60588F0D05DD3D006BFB54 /* Frameworks */ = {
			isa = PBXFrameworksBuildPhase;
			buildActionMask = 2147483647;
			files = (
				1D60589F0D05DD5A006BFB54 /* Foundation.framework in Frameworks */,
				1DF5F4E00D08C38300B7A737 /* UIKit.framework in Frameworks */,
				288765FD0DF74451002DB57D /* CoreGraphics.framework in Frameworks */,
			);
			runOnlyForDeploymentPostprocessing = 0;
		};
		3CD338071B4F2D0C003A9F85 /* Frameworks */ = {
			isa = PBXFrameworksBuildPhase;
			buildActionMask = 2147483647;
			files = (
			);
			runOnlyForDeploymentPostprocessing = 0;
		};
		3CD338121B4F2D0C003A9F85 /* Frameworks */ = {
			isa = PBXFrameworksBuildPhase;
			buildActionMask = 2147483647;
			files = (
				3CD338161B4F2D0C003A9F85 /* lzmaSDK.framework in Frameworks */,
			);
			runOnlyForDeploymentPostprocessing = 0;
		};
/* End PBXFrameworksBuildPhase section */

/* Begin PBXGroup section */
		080E96DDFE201D6D7F000001 /* Classes */ = {
			isa = PBXGroup;
			children = (
				CD9C907910C4925900FAD63F /* LZMASDK */,
				1D3623240D0F684500981E51 /* lzmaSDKAppDelegate.h */,
				1D3623250D0F684500981E51 /* lzmaSDKAppDelegate.m */,
			);
			path = Classes;
			sourceTree = "<group>";
		};
		19C28FACFE9D520D11CA2CBB /* Products */ = {
			isa = PBXGroup;
			children = (
				1D6058910D05DD3D006BFB54 /* lzmaApp.app */,
				3CD3380B1B4F2D0C003A9F85 /* lzmaSDK.framework */,
				3CD338151B4F2D0C003A9F85 /* lzmaSDKTests.xctest */,
			);
			name = Products;
			sourceTree = "<group>";
		};
		29B97314FDCFA39411CA2CEA /* CustomTemplate */ = {
			isa = PBXGroup;
			children = (
				080E96DDFE201D6D7F000001 /* Classes */,
				29B97315FDCFA39411CA2CEA /* Other Sources */,
				29B97317FDCFA39411CA2CEA /* Resources */,
				3CD3380C1B4F2D0C003A9F85 /* lzmaSDK */,
				3CD338191B4F2D0C003A9F85 /* lzmaSDKTests */,
				29B97323FDCFA39411CA2CEA /* Frameworks */,
				19C28FACFE9D520D11CA2CBB /* Products */,
			);
			name = CustomTemplate;
			sourceTree = "<group>";
		};
		29B97315FDCFA39411CA2CEA /* Other Sources */ = {
			isa = PBXGroup;
			children = (
				32CA4F630368D1EE00C91783 /* lzmaApp_Prefix.pch */,
				29B97316FDCFA39411CA2CEA /* main.m */,
			);
			name = "Other Sources";
			sourceTree = "<group>";
		};
		29B97317FDCFA39411CA2CEA /* Resources */ = {
			isa = PBXGroup;
			children = (
				CD33A57F11EBCF6300A4B114 /* test.7z */,
				3CD768D51C253A4B00660FB1 /* files_dirs.7z */,
				CD968D3316AE04200003BCBB /* halfgig.7z */,
				CD4488B116ADF6100022E1AA /* onegig.7z */,
				CDCCBE4816AE0EA70007BB70 /* sixfiftymeg_2blocks.7z */,
				28AD733E0D9D9553002E5188 /* MainWindow.xib */,
				8D1107310486CEB800E47090 /* lzmaApp-Info.plist */,
			);
			name = Resources;
			sourceTree = "<group>";
		};
		29B97323FDCFA39411CA2CEA /* Frameworks */ = {
			isa = PBXGroup;
			children = (
				1DF5F4DF0D08C38300B7A737 /* UIKit.framework */,
				1D30AB110D05D00D00671497 /* Foundation.framework */,
				288765FC0DF74451002DB57D /* CoreGraphics.framework */,
			);
			name = Frameworks;
			sourceTree = "<group>";
		};
		3CD3380C1B4F2D0C003A9F85 /* lzmaSDK */ = {
			isa = PBXGroup;
			children = (
				3CD3380F1B4F2D0C003A9F85 /* lzmaSDK.h */,
				3CD3380D1B4F2D0C003A9F85 /* Supporting Files */,
			);
			path = lzmaSDK;
			sourceTree = "<group>";
		};
		3CD3380D1B4F2D0C003A9F85 /* Supporting Files */ = {
			isa = PBXGroup;
			children = (
				3CD3380E1B4F2D0C003A9F85 /* lzmaSDK-Info.plist */,
			);
			name = "Supporting Files";
			sourceTree = "<group>";
		};
		3CD338191B4F2D0C003A9F85 /* lzmaSDKTests */ = {
			isa = PBXGroup;
			children = (
				3CD3381C1B4F2D0C003A9F85 /* LZMAExtractorTests.m */,
				3CD3381A1B4F2D0C003A9F85 /* Supporting Files */,
			);
			path = lzmaSDKTests;
			sourceTree = "<group>";
		};
		3CD3381A1B4F2D0C003A9F85 /* Supporting Files */ = {
			isa = PBXGroup;
			children = (
				3CD3381B1B4F2D0C003A9F85 /* Info.plist */,
			);
			name = "Supporting Files";
			sourceTree = "<group>";
		};
		CD875B0E11EBC037004A1640 /* Util */ = {
			isa = PBXGroup;
			children = (
				CD875B0F11EBC037004A1640 /* 7z */,
			);
			path = Util;
			sourceTree = "<group>";
		};
		CD875B0F11EBC037004A1640 /* 7z */ = {
			isa = PBXGroup;
			children = (
				CD875B1011EBC037004A1640 /* 7zAlloc.c */,
				CD875B1111EBC037004A1640 /* 7zAlloc.h */,
				CD875B1211EBC037004A1640 /* 7zMain.c */,
			);
			path = 7z;
			sourceTree = "<group>";
		};
		CD9C907910C4925900FAD63F /* LZMASDK */ = {
			isa = PBXGroup;
			children = (
				CD33A5E811EBD12800A4B114 /* LZMAExtractor.h */,
				CD33A5E911EBD12800A4B114 /* LZMAExtractor.m */,
				CD875B0E11EBC037004A1640 /* Util */,
				CD875AA311EBBAC7004A1640 /* CpuArch.h */,
				CD875AA211EBBAC7004A1640 /* CpuArch.c */,
				CD875A1F11EBB689004A1640 /* Ppmd.h */,
				CD875A2011EBB689004A1640 /* Ppmd7.c */,
				CD875A2111EBB689004A1640 /* Ppmd7.h */,
				CD875A2211EBB689004A1640 /* Ppmd7Dec.c */,
				CD875A2311EBB689004A1640 /* Ppmd8.c */,
				CD875A2411EBB689004A1640 /* Ppmd8.h */,
				CD875A2511EBB689004A1640 /* Ppmd8Dec.c */,
				CD875A2711EBB689004A1640 /* RotateDefs.h */,
				CD875A2811EBB689004A1640 /* Types.h */,
				CD8759EC11EBB67C004A1640 /* 7z.h */,
				CD8759F611EBB67C004A1640 /* 7zIn.c */,
				CD8759ED11EBB67C004A1640 /* 7zBuf.c */,
				CD8759EE11EBB67C004A1640 /* 7zBuf.h */,
				CD8759EF11EBB67C004A1640 /* 7zBuf2.c */,
				CD8759F311EBB67C004A1640 /* 7zDec.c */,
				CD8759F411EBB67C004A1640 /* 7zFile.c */,
				CD8759F511EBB67C004A1640 /* 7zFile.h */,
				CD8759F711EBB67C004A1640 /* 7zStream.c */,
				CD8759F811EBB67C004A1640 /* 7zVersion.h */,
				CD8759F911EBB67C004A1640 /* Alloc.c */,
				CD8759FA11EBB67C004A1640 /* Alloc.h */,
				CD8759FD11EBB67C004A1640 /* Delta.c */,
				CD8759FE11EBB67C004A1640 /* Delta.h */,
				CD8759FF11EBB67C004A1640 /* LzHash.h */,
				CD875A0011EBB67C004A1640 /* Lzma2Dec.c */,
				CD875A0111EBB67C004A1640 /* Lzma2Dec.h */,
				CD875A0711EBB67C004A1640 /* LzmaDec.c */,
				CD875A0811EBB67C004A1640 /* LzmaDec.h */,
			);
			path = LZMASDK;
			sourceTree = "<group>";
		};
/* End PBXGroup section */

/* Begin PBXHeadersBuildPhase section */
		3CD338081B4F2D0C003A9F85 /* Headers */ = {
			isa = PBXHeadersBuildPhase;
			buildActionMask = 2147483647;
			files = (
				3CD338101B4F2D0C003A9F85 /* lzmaSDK.h in Headers */,
				3CD338361B4F2E00003A9F85 /* LZMAExtractor.h in Headers */,
			);
			runOnlyForDeploymentPostprocessing = 0;
		};
/* End PBXHeadersBuildPhase section */

/* Begin PBXNativeTarget section */
		1D6058900D05DD3D006BFB54 /* lzmaApp */ = {
			isa = PBXNativeTarget;
			buildConfigurationList = 1D6058960D05DD3E006BFB54 /* Build configuration list for PBXNativeTarget "lzmaApp" */;
			buildPhases = (
				1D60588D0D05DD3D006BFB54 /* Resources */,
				1D60588E0D05DD3D006BFB54 /* Sources */,
				1D60588F0D05DD3D006BFB54 /* Frameworks */,
			);
			buildRules = (
			);
			dependencies = (
			);
			name = lzmaApp;
			productName = lzmaSDK;
			productReference = 1D6058910D05DD3D006BFB54 /* lzmaApp.app */;
			productType = "com.apple.product-type.application";
		};
		3CD3380A1B4F2D0C003A9F85 /* lzmaSDK */ = {
			isa = PBXNativeTarget;
			buildConfigurationList = 3CD338221B4F2D0C003A9F85 /* Build configuration list for PBXNativeTarget "lzmaSDK" */;
			buildPhases = (
				3CD338061B4F2D0C003A9F85 /* Sources */,
				3CD338071B4F2D0C003A9F85 /* Frameworks */,
				3CD338081B4F2D0C003A9F85 /* Headers */,
				3CD338091B4F2D0C003A9F85 /* Resources */,
			);
			buildRules = (
			);
			dependencies = (
			);
			name = lzmaSDK;
			productName = lzmaSDK;
			productReference = 3CD3380B1B4F2D0C003A9F85 /* lzmaSDK.framework */;
			productType = "com.apple.product-type.framework";
		};
		3CD338141B4F2D0C003A9F85 /* lzmaSDKTests */ = {
			isa = PBXNativeTarget;
			buildConfigurationList = 3CD338231B4F2D0C003A9F85 /* Build configuration list for PBXNativeTarget "lzmaSDKTests" */;
			buildPhases = (
				3CD338111B4F2D0C003A9F85 /* Sources */,
				3CD338121B4F2D0C003A9F85 /* Frameworks */,
				3CD338131B4F2D0C003A9F85 /* Resources */,
			);
			buildRules = (
			);
			dependencies = (
				3CD338181B4F2D0C003A9F85 /* PBXTargetDependency */,
			);
			name = lzmaSDKTests;
			productName = lzmaSDKTests;
			productReference = 3CD338151B4F2D0C003A9F85 /* lzmaSDKTests.xctest */;
			productType = "com.apple.product-type.bundle.unit-test";
		};
/* End PBXNativeTarget section */

/* Begin PBXProject section */
		29B97313FDCFA39411CA2CEA /* Project object */ = {
			isa = PBXProject;
			attributes = {
				LastUpgradeCheck = 0450;
				TargetAttributes = {
					3CD3380A1B4F2D0C003A9F85 = {
						CreatedOnToolsVersion = 6.3.2;
					};
					3CD338141B4F2D0C003A9F85 = {
						CreatedOnToolsVersion = 6.3.2;
					};
				};
			};
			buildConfigurationList = C01FCF4E08A954540054247B /* Build configuration list for PBXProject "lzmaSDK" */;
			compatibilityVersion = "Xcode 3.2";
			developmentRegion = English;
			hasScannedForEncodings = 1;
			knownRegions = (
				English,
				Japanese,
				French,
				German,
			);
			mainGroup = 29B97314FDCFA39411CA2CEA /* CustomTemplate */;
			projectDirPath = "";
			projectRoot = "";
			targets = (
				1D6058900D05DD3D006BFB54 /* lzmaApp */,
				3CD3380A1B4F2D0C003A9F85 /* lzmaSDK */,
				3CD338141B4F2D0C003A9F85 /* lzmaSDKTests */,
			);
		};
/* End PBXProject section */

/* Begin PBXResourcesBuildPhase section */
		1D60588D0D05DD3D006BFB54 /* Resources */ = {
			isa = PBXResourcesBuildPhase;
			buildActionMask = 2147483647;
			files = (
				28AD733F0D9D9553002E5188 /* MainWindow.xib in Resources */,
				CD33A58011EBCF6300A4B114 /* test.7z in Resources */,
				3CD768D61C253A4B00660FB1 /* files_dirs.7z in Resources */,
				CD4488B216ADF6100022E1AA /* onegig.7z in Resources */,
				CD968D3416AE04200003BCBB /* halfgig.7z in Resources */,
				CDCCBE4916AE0EA70007BB70 /* sixfiftymeg_2blocks.7z in Resources */,
			);
			runOnlyForDeploymentPostprocessing = 0;
		};
		3CD338091B4F2D0C003A9F85 /* Resources */ = {
			isa = PBXResourcesBuildPhase;
			buildActionMask = 2147483647;
			files = (
			);
			runOnlyForDeploymentPostprocessing = 0;
		};
		3CD338131B4F2D0C003A9F85 /* Resources */ = {
			isa = PBXResourcesBuildPhase;
			buildActionMask = 2147483647;
			files = (
				3CD3383A1B4F2F6F003A9F85 /* onegig.7z in Resources */,
				3CD768D71C253A4B00660FB1 /* files_dirs.7z in Resources */,
				3CD338371B4F2ED6003A9F85 /* test.7z in Resources */,
				3CD338381B4F2ED6003A9F85 /* halfgig.7z in Resources */,
				3CD338391B4F2ED6003A9F85 /* sixfiftymeg_2blocks.7z in Resources */,
			);
			runOnlyForDeploymentPostprocessing = 0;
		};
/* End PBXResourcesBuildPhase section */

/* Begin PBXSourcesBuildPhase section */
		1D60588E0D05DD3D006BFB54 /* Sources */ = {
			isa = PBXSourcesBuildPhase;
			buildActionMask = 2147483647;
			files = (
				1D60589B0D05DD56006BFB54 /* main.m in Sources */,
				1D3623260D0F684500981E51 /* lzmaSDKAppDelegate.m in Sources */,
				CD875A0D11EBB67C004A1640 /* 7zBuf.c in Sources */,
				CD875A0E11EBB67C004A1640 /* 7zBuf2.c in Sources */,
				CD875A1111EBB67C004A1640 /* 7zDec.c in Sources */,
				CD875A1211EBB67C004A1640 /* 7zFile.c in Sources */,
				CD875A1311EBB67C004A1640 /* 7zIn.c in Sources */,
				CD875A1411EBB67C004A1640 /* 7zStream.c in Sources */,
				CD875A1511EBB67C004A1640 /* Alloc.c in Sources */,
				CD875A1711EBB67C004A1640 /* Delta.c in Sources */,
				CD875A1811EBB67C004A1640 /* Lzma2Dec.c in Sources */,
				CD875A1C11EBB67C004A1640 /* LzmaDec.c in Sources */,
				CD875A2911EBB689004A1640 /* Ppmd7.c in Sources */,
				CD875A2A11EBB689004A1640 /* Ppmd7Dec.c in Sources */,
				CD875A2B11EBB689004A1640 /* Ppmd8.c in Sources */,
				CD875A2C11EBB689004A1640 /* Ppmd8Dec.c in Sources */,
				CD875AA411EBBAC7004A1640 /* CpuArch.c in Sources */,
				CD875B1311EBC037004A1640 /* 7zAlloc.c in Sources */,
				CD875B1411EBC037004A1640 /* 7zMain.c in Sources */,
				CD33A5EA11EBD12800A4B114 /* LZMAExtractor.m in Sources */,
			);
			runOnlyForDeploymentPostprocessing = 0;
		};
		3CD338061B4F2D0C003A9F85 /* Sources */ = {
			isa = PBXSourcesBuildPhase;
			buildActionMask = 2147483647;
			files = (
				3CD338241B4F2DE1003A9F85 /* LZMAExtractor.m in Sources */,
				3CD338251B4F2DE1003A9F85 /* 7zAlloc.c in Sources */,
				3CD338261B4F2DE1003A9F85 /* 7zMain.c in Sources */,
				3CD338271B4F2DE1003A9F85 /* CpuArch.c in Sources */,
				3CD338281B4F2DE1003A9F85 /* Ppmd7.c in Sources */,
				3CD338291B4F2DE1003A9F85 /* Ppmd7Dec.c in Sources */,
				3CD3382A1B4F2DE1003A9F85 /* Ppmd8.c in Sources */,
				3CD3382B1B4F2DE1003A9F85 /* Ppmd8Dec.c in Sources */,
				3CD3382C1B4F2DE1003A9F85 /* 7zIn.c in Sources */,
				3CD3382D1B4F2DE1003A9F85 /* 7zBuf.c in Sources */,
				3CD3382E1B4F2DE1003A9F85 /* 7zBuf2.c in Sources */,
				3CD3382F1B4F2DE1003A9F85 /* 7zDec.c in Sources */,
				3CD338301B4F2DE1003A9F85 /* 7zFile.c in Sources */,
				3CD338311B4F2DE1003A9F85 /* 7zStream.c in Sources */,
				3CD338321B4F2DE1003A9F85 /* Alloc.c in Sources */,
				3CD338331B4F2DE1003A9F85 /* Delta.c in Sources */,
				3CD338341B4F2DE1003A9F85 /* Lzma2Dec.c in Sources */,
				3CD338351B4F2DE1003A9F85 /* LzmaDec.c in Sources */,
			);
			runOnlyForDeploymentPostprocessing = 0;
		};
		3CD338111B4F2D0C003A9F85 /* Sources */ = {
			isa = PBXSourcesBuildPhase;
			buildActionMask = 2147483647;
			files = (
				3CD3381D1B4F2D0C003A9F85 /* LZMAExtractorTests.m in Sources */,
			);
			runOnlyForDeploymentPostprocessing = 0;
		};
/* End PBXSourcesBuildPhase section */

/* Begin PBXTargetDependency section */
		3CD338181B4F2D0C003A9F85 /* PBXTargetDependency */ = {
			isa = PBXTargetDependency;
			target = 3CD3380A1B4F2D0C003A9F85 /* lzmaSDK */;
			targetProxy = 3CD338171B4F2D0C003A9F85 /* PBXContainerItemProxy */;
		};
/* End PBXTargetDependency section */

/* Begin XCBuildConfiguration section */
		1D6058940D05DD3E006BFB54 /* Debug */ = {
			isa = XCBuildConfiguration;
			buildSettings = {
				ALWAYS_SEARCH_USER_PATHS = NO;
				COPY_PHASE_STRIP = NO;
				ENABLE_BITCODE = NO;
				GCC_DYNAMIC_NO_PIC = NO;
				GCC_OPTIMIZATION_LEVEL = 0;
				GCC_PRECOMPILE_PREFIX_HEADER = YES;
				GCC_PREFIX_HEADER = lzmaApp_Prefix.pch;
				INFOPLIST_FILE = "$(SRCROOT)/lzmaApp-Info.plist";
				IPHONEOS_DEPLOYMENT_TARGET = 4.3;
				PRODUCT_NAME = lzmaApp;
			};
			name = Debug;
		};
		1D6058950D05DD3E006BFB54 /* Release */ = {
			isa = XCBuildConfiguration;
			buildSettings = {
				ALWAYS_SEARCH_USER_PATHS = NO;
				COPY_PHASE_STRIP = YES;
				ENABLE_BITCODE = NO;
				GCC_PRECOMPILE_PREFIX_HEADER = YES;
				GCC_PREFIX_HEADER = lzmaApp_Prefix.pch;
				INFOPLIST_FILE = "$(SRCROOT)/lzmaApp-Info.plist";
				IPHONEOS_DEPLOYMENT_TARGET = 4.3;
				PRODUCT_NAME = lzmaApp;
			};
			name = Release;
		};
		3CD3381E1B4F2D0C003A9F85 /* Debug */ = {
			isa = XCBuildConfiguration;
			buildSettings = {
				ALWAYS_SEARCH_USER_PATHS = NO;
				CLANG_CXX_LANGUAGE_STANDARD = "gnu++0x";
				CLANG_CXX_LIBRARY = "libc++";
				CLANG_ENABLE_MODULES = YES;
				CLANG_ENABLE_OBJC_ARC = YES;
				CLANG_WARN_BOOL_CONVERSION = YES;
				CLANG_WARN_CONSTANT_CONVERSION = YES;
				CLANG_WARN_DIRECT_OBJC_ISA_USAGE = YES_ERROR;
				CLANG_WARN_EMPTY_BODY = YES;
				CLANG_WARN_ENUM_CONVERSION = YES;
				CLANG_WARN_INT_CONVERSION = YES;
				CLANG_WARN_OBJC_ROOT_CLASS = YES_ERROR;
				CLANG_WARN_UNREACHABLE_CODE = YES;
				CLANG_WARN__DUPLICATE_METHOD_MATCH = YES;
				COPY_PHASE_STRIP = NO;
				CURRENT_PROJECT_VERSION = 1;
				DEBUG_INFORMATION_FORMAT = "dwarf-with-dsym";
				DEFINES_MODULE = YES;
				DYLIB_COMPATIBILITY_VERSION = 1;
				DYLIB_CURRENT_VERSION = 1;
				DYLIB_INSTALL_NAME_BASE = "@rpath";
				ENABLE_STRICT_OBJC_MSGSEND = YES;
				GCC_C_LANGUAGE_STANDARD = gnu99;
				GCC_DYNAMIC_NO_PIC = NO;
				GCC_NO_COMMON_BLOCKS = YES;
				GCC_OPTIMIZATION_LEVEL = 0;
				GCC_PREPROCESSOR_DEFINITIONS = (
					"DEBUG=1",
					"$(inherited)",
				);
				GCC_SYMBOLS_PRIVATE_EXTERN = NO;
				GCC_WARN_64_TO_32_BIT_CONVERSION = YES;
				GCC_WARN_ABOUT_RETURN_TYPE = YES_ERROR;
				GCC_WARN_UNDECLARED_SELECTOR = YES;
				GCC_WARN_UNINITIALIZED_AUTOS = YES_AGGRESSIVE;
				GCC_WARN_UNUSED_FUNCTION = YES;
				INFOPLIST_FILE = "$(SRCROOT)/lzmaSDK/lzmaSDK-Info.plist";
				INSTALL_PATH = "$(LOCAL_LIBRARY_DIR)/Frameworks";
				IPHONEOS_DEPLOYMENT_TARGET = 8.0;
				LD_RUNPATH_SEARCH_PATHS = "$(inherited) @executable_path/Frameworks @loader_path/Frameworks";
				MTL_ENABLE_DEBUG_INFO = YES;
				ONLY_ACTIVE_ARCH = YES;
				PRODUCT_NAME = "$(TARGET_NAME)";
				SKIP_INSTALL = YES;
				TARGETED_DEVICE_FAMILY = "1,2";
				VERSIONING_SYSTEM = "apple-generic";
				VERSION_INFO_PREFIX = "";
			};
			name = Debug;
		};
		3CD3381F1B4F2D0C003A9F85 /* Release */ = {
			isa = XCBuildConfiguration;
			buildSettings = {
				ALWAYS_SEARCH_USER_PATHS = NO;
				CLANG_CXX_LANGUAGE_STANDARD = "gnu++0x";
				CLANG_CXX_LIBRARY = "libc++";
				CLANG_ENABLE_MODULES = YES;
				CLANG_ENABLE_OBJC_ARC = YES;
				CLANG_WARN_BOOL_CONVERSION = YES;
				CLANG_WARN_CONSTANT_CONVERSION = YES;
				CLANG_WARN_DIRECT_OBJC_ISA_USAGE = YES_ERROR;
				CLANG_WARN_EMPTY_BODY = YES;
				CLANG_WARN_ENUM_CONVERSION = YES;
				CLANG_WARN_INT_CONVERSION = YES;
				CLANG_WARN_OBJC_ROOT_CLASS = YES_ERROR;
				CLANG_WARN_UNREACHABLE_CODE = YES;
				CLANG_WARN__DUPLICATE_METHOD_MATCH = YES;
				COPY_PHASE_STRIP = NO;
				CURRENT_PROJECT_VERSION = 1;
				DEBUG_INFORMATION_FORMAT = "dwarf-with-dsym";
				DEFINES_MODULE = YES;
				DYLIB_COMPATIBILITY_VERSION = 1;
				DYLIB_CURRENT_VERSION = 1;
				DYLIB_INSTALL_NAME_BASE = "@rpath";
				ENABLE_NS_ASSERTIONS = NO;
				ENABLE_STRICT_OBJC_MSGSEND = YES;
				GCC_C_LANGUAGE_STANDARD = gnu99;
				GCC_NO_COMMON_BLOCKS = YES;
				GCC_WARN_64_TO_32_BIT_CONVERSION = YES;
				GCC_WARN_ABOUT_RETURN_TYPE = YES_ERROR;
				GCC_WARN_UNDECLARED_SELECTOR = YES;
				GCC_WARN_UNINITIALIZED_AUTOS = YES_AGGRESSIVE;
				GCC_WARN_UNUSED_FUNCTION = YES;
				INFOPLIST_FILE = "$(SRCROOT)/lzmaSDK/lzmaSDK-Info.plist";
				INSTALL_PATH = "$(LOCAL_LIBRARY_DIR)/Frameworks";
				IPHONEOS_DEPLOYMENT_TARGET = 8.0;
				LD_RUNPATH_SEARCH_PATHS = "$(inherited) @executable_path/Frameworks @loader_path/Frameworks";
				MTL_ENABLE_DEBUG_INFO = NO;
				PRODUCT_NAME = "$(TARGET_NAME)";
				SKIP_INSTALL = YES;
				TARGETED_DEVICE_FAMILY = "1,2";
				VALIDATE_PRODUCT = YES;
				VERSIONING_SYSTEM = "apple-generic";
				VERSION_INFO_PREFIX = "";
			};
			name = Release;
		};
		3CD338201B4F2D0C003A9F85 /* Debug */ = {
			isa = XCBuildConfiguration;
			buildSettings = {
				ALWAYS_SEARCH_USER_PATHS = NO;
				CLANG_CXX_LANGUAGE_STANDARD = "gnu++0x";
				CLANG_CXX_LIBRARY = "libc++";
				CLANG_ENABLE_MODULES = YES;
				CLANG_ENABLE_OBJC_ARC = YES;
				CLANG_WARN_BOOL_CONVERSION = YES;
				CLANG_WARN_CONSTANT_CONVERSION = YES;
				CLANG_WARN_DIRECT_OBJC_ISA_USAGE = YES_ERROR;
				CLANG_WARN_EMPTY_BODY = YES;
				CLANG_WARN_ENUM_CONVERSION = YES;
				CLANG_WARN_INT_CONVERSION = YES;
				CLANG_WARN_OBJC_ROOT_CLASS = YES_ERROR;
				CLANG_WARN_UNREACHABLE_CODE = YES;
				CLANG_WARN__DUPLICATE_METHOD_MATCH = YES;
				COPY_PHASE_STRIP = NO;
				DEBUG_INFORMATION_FORMAT = "dwarf-with-dsym";
				ENABLE_STRICT_OBJC_MSGSEND = YES;
				FRAMEWORK_SEARCH_PATHS = (
					"$(SDKROOT)/Developer/Library/Frameworks",
					"$(inherited)",
				);
				GCC_C_LANGUAGE_STANDARD = gnu99;
				GCC_DYNAMIC_NO_PIC = NO;
				GCC_NO_COMMON_BLOCKS = YES;
				GCC_OPTIMIZATION_LEVEL = 0;
				GCC_PREPROCESSOR_DEFINITIONS = (
					"DEBUG=1",
					"$(inherited)",
				);
				GCC_SYMBOLS_PRIVATE_EXTERN = NO;
				GCC_WARN_64_TO_32_BIT_CONVERSION = YES;
				GCC_WARN_ABOUT_RETURN_TYPE = YES_ERROR;
				GCC_WARN_UNDECLARED_SELECTOR = YES;
				GCC_WARN_UNINITIALIZED_AUTOS = YES_AGGRESSIVE;
				GCC_WARN_UNUSED_FUNCTION = YES;
				INFOPLIST_FILE = lzmaSDKTests/Info.plist;
				IPHONEOS_DEPLOYMENT_TARGET = 8.3;
				LD_RUNPATH_SEARCH_PATHS = "$(inherited) @executable_path/Frameworks @loader_path/Frameworks";
				MTL_ENABLE_DEBUG_INFO = YES;
				ONLY_ACTIVE_ARCH = YES;
				PRODUCT_NAME = "$(TARGET_NAME)";
			};
			name = Debug;
		};
		3CD338211B4F2D0C003A9F85 /* Release */ = {
			isa = XCBuildConfiguration;
			buildSettings = {
				ALWAYS_SEARCH_USER_PATHS = NO;
				CLANG_CXX_LANGUAGE_STANDARD = "gnu++0x";
				CLANG_CXX_LIBRARY = "libc++";
				CLANG_ENABLE_MODULES = YES;
				CLANG_ENABLE_OBJC_ARC = YES;
				CLANG_WARN_BOOL_CONVERSION = YES;
				CLANG_WARN_CONSTANT_CONVERSION = YES;
				CLANG_WARN_DIRECT_OBJC_ISA_USAGE = YES_ERROR;
				CLANG_WARN_EMPTY_BODY = YES;
				CLANG_WARN_ENUM_CONVERSION = YES;
				CLANG_WARN_INT_CONVERSION = YES;
				CLANG_WARN_OBJC_ROOT_CLASS = YES_ERROR;
				CLANG_WARN_UNREACHABLE_CODE = YES;
				CLANG_WARN__DUPLICATE_METHOD_MATCH = YES;
				COPY_PHASE_STRIP = NO;
				DEBUG_INFORMATION_FORMAT = "dwarf-with-dsym";
				ENABLE_NS_ASSERTIONS = NO;
				ENABLE_STRICT_OBJC_MSGSEND = YES;
				FRAMEWORK_SEARCH_PATHS = (
					"$(SDKROOT)/Developer/Library/Frameworks",
					"$(inherited)",
				);
				GCC_C_LANGUAGE_STANDARD = gnu99;
				GCC_NO_COMMON_BLOCKS = YES;
				GCC_WARN_64_TO_32_BIT_CONVERSION = YES;
				GCC_WARN_ABOUT_RETURN_TYPE = YES_ERROR;
				GCC_WARN_UNDECLARED_SELECTOR = YES;
				GCC_WARN_UNINITIALIZED_AUTOS = YES_AGGRESSIVE;
				GCC_WARN_UNUSED_FUNCTION = YES;
				INFOPLIST_FILE = lzmaSDKTests/Info.plist;
				IPHONEOS_DEPLOYMENT_TARGET = 8.3;
				LD_RUNPATH_SEARCH_PATHS = "$(inherited) @executable_path/Frameworks @loader_path/Frameworks";
				MTL_ENABLE_DEBUG_INFO = NO;
				PRODUCT_NAME = "$(TARGET_NAME)";
				VALIDATE_PRODUCT = YES;
			};
			name = Release;
		};
		C01FCF4F08A954540054247B /* Debug */ = {
			isa = XCBuildConfiguration;
			buildSettings = {
				"CODE_SIGN_IDENTITY[sdk=iphoneos*]" = "iPhone Developer";
				GCC_C_LANGUAGE_STANDARD = c99;
				GCC_WARN_ABOUT_RETURN_TYPE = YES;
				GCC_WARN_UNUSED_VARIABLE = YES;
				IPHONEOS_DEPLOYMENT_TARGET = 4.3;
				SDKROOT = iphoneos;
			};
			name = Debug;
		};
		C01FCF5008A954540054247B /* Release */ = {
			isa = XCBuildConfiguration;
			buildSettings = {
				"CODE_SIGN_IDENTITY[sdk=iphoneos*]" = "iPhone Developer";
				GCC_C_LANGUAGE_STANDARD = c99;
				GCC_WARN_ABOUT_RETURN_TYPE = YES;
				GCC_WARN_UNUSED_VARIABLE = YES;
				IPHONEOS_DEPLOYMENT_TARGET = 4.3;
				SDKROOT = iphoneos;
			};
			name = Release;
		};
/* End XCBuildConfiguration section */

/* Begin XCConfigurationList section */
		1D6058960D05DD3E006BFB54 /* Build configuration list for PBXNativeTarget "lzmaApp" */ = {
			isa = XCConfigurationList;
			buildConfigurations = (
				1D6058940D05DD3E006BFB54 /* Debug */,
				1D6058950D05DD3E006BFB54 /* Release */,
			);
			defaultConfigurationIsVisible = 0;
			defaultConfigurationName = Release;
		};
		3CD338221B4F2D0C003A9F85 /* Build configuration list for PBXNativeTarget "lzmaSDK" */ = {
			isa = XCConfigurationList;
			buildConfigurations = (
				3CD3381E1B4F2D0C003A9F85 /* Debug */,
				3CD3381F1B4F2D0C003A9F85 /* Release */,
			);
			defaultConfigurationIsVisible = 0;
			defaultConfigurationName = Release;
		};
		3CD338231B4F2D0C003A9F85 /* Build configuration list for PBXNativeTarget "lzmaSDKTests" */ = {
			isa = XCConfigurationList;
			buildConfigurations = (
				3CD338201B4F2D0C003A9F85 /* Debug */,
				3CD338211B4F2D0C003A9F85 /* Release */,
			);
			defaultConfigurationIsVisible = 0;
			defaultConfigurationName = Release;
		};
		C01FCF4E08A954540054247B /* Build configuration list for PBXProject "lzmaSDK" */ = {
			isa = XCConfigurationList;
			buildConfigurations = (
				C01FCF4F08A954540054247B /* Debug */,
				C01FCF5008A954540054247B /* Release */,
			);
			defaultConfigurationIsVisible = 0;
			defaultConfigurationName = Release;
		};
/* End XCConfigurationList section */
	};
	rootObject = 29B97313FDCFA39411CA2CEA /* Project object */;
}
